
Microsoft Visual Studio Solution File, Format Version 12.00
# Visual Studio Version 17
VisualStudioVersion = 17.14.36511.14 d17.14
MinimumVisualStudioVersion = 10.0.40219.1
Project("{FAE04EC0-301F-11D3-BF4B-00C04F79EFBC}") = "fs-a-2025-blazor-0918-74723", "fs-a-2025-blazor-0918-74723.csproj", "{AB799223-FC7E-40A5-A9C5-08BF33B740FB}"
EndProject
Global
	GlobalSection(SolutionConfigurationPlatforms) = preSolution
		Debug|Any CPU = Debug|Any CPU
		Release|Any CPU = Release|Any CPU
	EndGlobalSection
	GlobalSection(ProjectConfigurationPlatforms) = postSolution
		{AB799223-FC7E-40A5-A9C5-08BF33B740FB}.Debug|Any CPU.ActiveCfg = Debug|Any CPU
		{AB799223-FC7E-40A5-A9C5-08BF33B740FB}.Debug|Any CPU.Build.0 = Debug|Any CPU
		{AB799223-FC7E-40A5-A9C5-08BF33B740FB}.Release|Any CPU.ActiveCfg = Release|Any CPU
		{AB799223-FC7E-40A5-A9C5-08BF33B740FB}.Release|Any CPU.Build.0 = Release|Any CPU
	EndGlobalSection
	GlobalSection(SolutionProperties) = preSolution
		HideSolutionNode = FALSE
	EndGlobalSection
	GlobalSection(ExtensibilityGlobals) = postSolution
		SolutionGuid = {55F56541-5192-4EBC-9FB6-C3BDA057B443}
	EndGlobalSection
EndGlobal
